// !$*UTF8*$!
{
	archiveVersion = 1;
	classes = {
	};
	objectVersion = 56;
	objects = {

/* Begin PBXBuildFile section */
		C4B707582B9D841700212911 /* APIClient.swift in Sources */ = {isa = PBXBuildFile; fileRef = C4B707572B9D841700212911 /* APIClient.swift */; };
		C4B7075B2B9D846000212911 /* URLSessionProvider.swift in Sources */ = {isa = PBXBuildFile; fileRef = C4B7075A2B9D846000212911 /* URLSessionProvider.swift */; };
		C4B7075E2B9D86A900212911 /* NetworkError.swift in Sources */ = {isa = PBXBuildFile; fileRef = C4B7075D2B9D86A900212911 /* NetworkError.swift */; };
		C4B707602B9D86BD00212911 /* APIError.swift in Sources */ = {isa = PBXBuildFile; fileRef = C4B7075F2B9D86BD00212911 /* APIError.swift */; };
		C4B707632B9D877100212911 /* ResponseError.swift in Sources */ = {isa = PBXBuildFile; fileRef = C4B707622B9D877100212911 /* ResponseError.swift */; };
		C4B707652B9D883500212911 /* ResponseParser.swift in Sources */ = {isa = PBXBuildFile; fileRef = C4B707642B9D883500212911 /* ResponseParser.swift */; };
		C4BD88E12B9B3647001E7007 /* AppDelegate.swift in Sources */ = {isa = PBXBuildFile; fileRef = C4BD88E02B9B3647001E7007 /* AppDelegate.swift */; };
		C4BD88E32B9B3647001E7007 /* SceneDelegate.swift in Sources */ = {isa = PBXBuildFile; fileRef = C4BD88E22B9B3647001E7007 /* SceneDelegate.swift */; };
		C4BD88E52B9B3647001E7007 /* MainViewController.swift in Sources */ = {isa = PBXBuildFile; fileRef = C4BD88E42B9B3647001E7007 /* MainViewController.swift */; };
		C4BD88EA2B9B3649001E7007 /* Assets.xcassets in Resources */ = {isa = PBXBuildFile; fileRef = C4BD88E92B9B3649001E7007 /* Assets.xcassets */; };
		C4BD88ED2B9B3649001E7007 /* LaunchScreen.storyboard in Resources */ = {isa = PBXBuildFile; fileRef = C4BD88EB2B9B3649001E7007 /* LaunchScreen.storyboard */; };
		C4BD88FD2B9B3773001E7007 /* Endpoint.swift in Sources */ = {isa = PBXBuildFile; fileRef = C4BD88FC2B9B3773001E7007 /* Endpoint.swift */; };
		C4BD89002B9B3861001E7007 /* APIRequestBuilder.swift in Sources */ = {isa = PBXBuildFile; fileRef = C4BD88FF2B9B3861001E7007 /* APIRequestBuilder.swift */; };
		C4BD89042B9B3AC8001E7007 /* KeychainWrapper.swift in Sources */ = {isa = PBXBuildFile; fileRef = C4BD89032B9B3AC8001E7007 /* KeychainWrapper.swift */; };
		C4BD89062B9B3AE9001E7007 /* ReachabilityHelper.swift in Sources */ = {isa = PBXBuildFile; fileRef = C4BD89052B9B3AE9001E7007 /* ReachabilityHelper.swift */; };
		C4BD89082B9B3B15001E7007 /* Config.plist in Resources */ = {isa = PBXBuildFile; fileRef = C4BD89072B9B3B15001E7007 /* Config.plist */; };
/* End PBXBuildFile section */

/* Begin PBXFileReference section */
		C4B707572B9D841700212911 /* APIClient.swift */ = {isa = PBXFileReference; lastKnownFileType = sourcecode.swift; path = APIClient.swift; sourceTree = "<group>"; };
		C4B7075A2B9D846000212911 /* URLSessionProvider.swift */ = {isa = PBXFileReference; lastKnownFileType = sourcecode.swift; path = URLSessionProvider.swift; sourceTree = "<group>"; };
		C4B7075D2B9D86A900212911 /* NetworkError.swift */ = {isa = PBXFileReference; lastKnownFileType = sourcecode.swift; path = NetworkError.swift; sourceTree = "<group>"; };
		C4B7075F2B9D86BD00212911 /* APIError.swift */ = {isa = PBXFileReference; lastKnownFileType = sourcecode.swift; path = APIError.swift; sourceTree = "<group>"; };
		C4B707622B9D877100212911 /* ResponseError.swift */ = {isa = PBXFileReference; lastKnownFileType = sourcecode.swift; path = ResponseError.swift; sourceTree = "<group>"; };
		C4B707642B9D883500212911 /* ResponseParser.swift */ = {isa = PBXFileReference; lastKnownFileType = sourcecode.swift; path = ResponseParser.swift; sourceTree = "<group>"; };
		C4BD88DD2B9B3647001E7007 /* DeutschlandApotheken.app */ = {isa = PBXFileReference; explicitFileType = wrapper.application; includeInIndex = 0; path = DeutschlandApotheken.app; sourceTree = BUILT_PRODUCTS_DIR; };
		C4BD88E02B9B3647001E7007 /* AppDelegate.swift */ = {isa = PBXFileReference; lastKnownFileType = sourcecode.swift; path = AppDelegate.swift; sourceTree = "<group>"; };
		C4BD88E22B9B3647001E7007 /* SceneDelegate.swift */ = {isa = PBXFileReference; lastKnownFileType = sourcecode.swift; path = SceneDelegate.swift; sourceTree = "<group>"; };
		C4BD88E42B9B3647001E7007 /* MainViewController.swift */ = {isa = PBXFileReference; lastKnownFileType = sourcecode.swift; path = MainViewController.swift; sourceTree = "<group>"; };
		C4BD88E92B9B3649001E7007 /* Assets.xcassets */ = {isa = PBXFileReference; lastKnownFileType = folder.assetcatalog; path = Assets.xcassets; sourceTree = "<group>"; };
		C4BD88EC2B9B3649001E7007 /* Base */ = {isa = PBXFileReference; lastKnownFileType = file.storyboard; name = Base; path = Base.lproj/LaunchScreen.storyboard; sourceTree = "<group>"; };
		C4BD88EE2B9B3649001E7007 /* Info.plist */ = {isa = PBXFileReference; lastKnownFileType = text.plist.xml; path = Info.plist; sourceTree = "<group>"; };
		C4BD88FC2B9B3773001E7007 /* Endpoint.swift */ = {isa = PBXFileReference; lastKnownFileType = sourcecode.swift; path = Endpoint.swift; sourceTree = "<group>"; };
		C4BD88FF2B9B3861001E7007 /* APIRequestBuilder.swift */ = {isa = PBXFileReference; lastKnownFileType = sourcecode.swift; path = APIRequestBuilder.swift; sourceTree = "<group>"; };
		C4BD89032B9B3AC8001E7007 /* KeychainWrapper.swift */ = {isa = PBXFileReference; lastKnownFileType = sourcecode.swift; path = KeychainWrapper.swift; sourceTree = "<group>"; };
		C4BD89052B9B3AE9001E7007 /* ReachabilityHelper.swift */ = {isa = PBXFileReference; lastKnownFileType = sourcecode.swift; path = ReachabilityHelper.swift; sourceTree = "<group>"; };
		C4BD89072B9B3B15001E7007 /* Config.plist */ = {isa = PBXFileReference; lastKnownFileType = text.plist.xml; path = Config.plist; sourceTree = "<group>"; };
/* End PBXFileReference section */

/* Begin PBXFrameworksBuildPhase section */
		C4BD88DA2B9B3647001E7007 /* Frameworks */ = {
			isa = PBXFrameworksBuildPhase;
			buildActionMask = 2147483647;
			files = (
			);
			runOnlyForDeploymentPostprocessing = 0;
		};
/* End PBXFrameworksBuildPhase section */

/* Begin PBXGroup section */
		C4B707592B9D845200212911 /* NetworkLayer */ = {
			isa = PBXGroup;
			children = (
				C4B7075A2B9D846000212911 /* URLSessionProvider.swift */,
			);
			path = NetworkLayer;
			sourceTree = "<group>";
		};
		C4B7075C2B9D866800212911 /* Model */ = {
			isa = PBXGroup;
			children = (
				C4B7075D2B9D86A900212911 /* NetworkError.swift */,
				C4B7075F2B9D86BD00212911 /* APIError.swift */,
			);
			path = Model;
			sourceTree = "<group>";
		};
		C4B707612B9D876300212911 /* ResponseHandler */ = {
			isa = PBXGroup;
			children = (
				C4B707622B9D877100212911 /* ResponseError.swift */,
				C4B707642B9D883500212911 /* ResponseParser.swift */,
			);
			path = ResponseHandler;
			sourceTree = "<group>";
		};
		C4BD88D42B9B3647001E7007 = {
			isa = PBXGroup;
			children = (
				C4BD88DF2B9B3647001E7007 /* DeutschlandApotheken */,
				C4BD88DE2B9B3647001E7007 /* Products */,
			);
			sourceTree = "<group>";
		};
		C4BD88DE2B9B3647001E7007 /* Products */ = {
			isa = PBXGroup;
			children = (
				C4BD88DD2B9B3647001E7007 /* DeutschlandApotheken.app */,
			);
			name = Products;
			sourceTree = "<group>";
		};
		C4BD88DF2B9B3647001E7007 /* DeutschlandApotheken */ = {
			isa = PBXGroup;
			children = (
				C4BD89012B9B3AA6001E7007 /* Common */,
				C4BD88FB2B9B3768001E7007 /* Services */,
				C4BD88FA2B9B3762001E7007 /* Networking */,
				C4BD88F92B9B375A001E7007 /* ViewModels */,
				C4BD88F82B9B3755001E7007 /* Views */,
				C4BD88F62B9B368F001E7007 /* Controllers */,
				C4BD88F52B9B367D001E7007 /* Resources */,
				C4BD88F42B9B3670001E7007 /* SupportingFiles */,
				C4BD88EE2B9B3649001E7007 /* Info.plist */,
				C4BD89072B9B3B15001E7007 /* Config.plist */,
			);
			path = DeutschlandApotheken;
			sourceTree = "<group>";
		};
		C4BD88F42B9B3670001E7007 /* SupportingFiles */ = {
			isa = PBXGroup;
			children = (
				C4BD88E02B9B3647001E7007 /* AppDelegate.swift */,
				C4BD88E22B9B3647001E7007 /* SceneDelegate.swift */,
			);
			path = SupportingFiles;
			sourceTree = "<group>";
		};
		C4BD88F52B9B367D001E7007 /* Resources */ = {
			isa = PBXGroup;
			children = (
				C4BD88EB2B9B3649001E7007 /* LaunchScreen.storyboard */,
				C4BD88E92B9B3649001E7007 /* Assets.xcassets */,
			);
			path = Resources;
			sourceTree = "<group>";
		};
		C4BD88F62B9B368F001E7007 /* Controllers */ = {
			isa = PBXGroup;
			children = (
				C4BD88F72B9B3695001E7007 /* Core */,
			);
			path = Controllers;
			sourceTree = "<group>";
		};
		C4BD88F72B9B3695001E7007 /* Core */ = {
			isa = PBXGroup;
			children = (
				C4BD88E42B9B3647001E7007 /* MainViewController.swift */,
			);
			path = Core;
			sourceTree = "<group>";
		};
		C4BD88F82B9B3755001E7007 /* Views */ = {
			isa = PBXGroup;
			children = (
			);
			path = Views;
			sourceTree = "<group>";
		};
		C4BD88F92B9B375A001E7007 /* ViewModels */ = {
			isa = PBXGroup;
			children = (
			);
			path = ViewModels;
			sourceTree = "<group>";
		};
		C4BD88FA2B9B3762001E7007 /* Networking */ = {
			isa = PBXGroup;
			children = (
				C4B707612B9D876300212911 /* ResponseHandler */,
				C4B7075C2B9D866800212911 /* Model */,
				C4B707592B9D845200212911 /* NetworkLayer */,
				C4BD88FE2B9B3851001E7007 /* RequestBuilder */,
				C4BD88FC2B9B3773001E7007 /* Endpoint.swift */,
				C4B707572B9D841700212911 /* APIClient.swift */,
			);
			path = Networking;
			sourceTree = "<group>";
		};
		C4BD88FB2B9B3768001E7007 /* Services */ = {
			isa = PBXGroup;
			children = (
			);
			path = Services;
			sourceTree = "<group>";
		};
		C4BD88FE2B9B3851001E7007 /* RequestBuilder */ = {
			isa = PBXGroup;
			children = (
				C4BD88FF2B9B3861001E7007 /* APIRequestBuilder.swift */,
			);
			path = RequestBuilder;
			sourceTree = "<group>";
		};
		C4BD89012B9B3AA6001E7007 /* Common */ = {
			isa = PBXGroup;
			children = (
				C4BD89022B9B3AAC001E7007 /* Helpers */,
			);
			path = Common;
			sourceTree = "<group>";
		};
		C4BD89022B9B3AAC001E7007 /* Helpers */ = {
			isa = PBXGroup;
			children = (
				C4BD89032B9B3AC8001E7007 /* KeychainWrapper.swift */,
				C4BD89052B9B3AE9001E7007 /* ReachabilityHelper.swift */,
			);
			path = Helpers;
			sourceTree = "<group>";
		};
/* End PBXGroup section */

/* Begin PBXNativeTarget section */
		C4BD88DC2B9B3647001E7007 /* DeutschlandApotheken */ = {
			isa = PBXNativeTarget;
			buildConfigurationList = C4BD88F12B9B3649001E7007 /* Build configuration list for PBXNativeTarget "DeutschlandApotheken" */;
			buildPhases = (
				C4BD88D92B9B3647001E7007 /* Sources */,
				C4BD88DA2B9B3647001E7007 /* Frameworks */,
				C4BD88DB2B9B3647001E7007 /* Resources */,
			);
			buildRules = (
			);
			dependencies = (
			);
			name = DeutschlandApotheken;
			productName = DeutschlandApotheken;
			productReference = C4BD88DD2B9B3647001E7007 /* DeutschlandApotheken.app */;
			productType = "com.apple.product-type.application";
		};
/* End PBXNativeTarget section */

/* Begin PBXProject section */
		C4BD88D52B9B3647001E7007 /* Project object */ = {
			isa = PBXProject;
			attributes = {
				BuildIndependentTargetsInParallel = 1;
				LastSwiftUpdateCheck = 1500;
				LastUpgradeCheck = 1500;
				TargetAttributes = {
					C4BD88DC2B9B3647001E7007 = {
						CreatedOnToolsVersion = 15.0.1;
					};
				};
			};
			buildConfigurationList = C4BD88D82B9B3647001E7007 /* Build configuration list for PBXProject "DeutschlandApotheken" */;
			compatibilityVersion = "Xcode 14.0";
			developmentRegion = en;
			hasScannedForEncodings = 0;
			knownRegions = (
				en,
				Base,
			);
			mainGroup = C4BD88D42B9B3647001E7007;
			productRefGroup = C4BD88DE2B9B3647001E7007 /* Products */;
			projectDirPath = "";
			projectRoot = "";
			targets = (
				C4BD88DC2B9B3647001E7007 /* DeutschlandApotheken */,
			);
		};
/* End PBXProject section */

/* Begin PBXResourcesBuildPhase section */
		C4BD88DB2B9B3647001E7007 /* Resources */ = {
			isa = PBXResourcesBuildPhase;
			buildActionMask = 2147483647;
			files = (
				C4BD88ED2B9B3649001E7007 /* LaunchScreen.storyboard in Resources */,
				C4BD89082B9B3B15001E7007 /* Config.plist in Resources */,
				C4BD88EA2B9B3649001E7007 /* Assets.xcassets in Resources */,
			);
			runOnlyForDeploymentPostprocessing = 0;
		};
/* End PBXResourcesBuildPhase section */

/* Begin PBXSourcesBuildPhase section */
		C4BD88D92B9B3647001E7007 /* Sources */ = {
			isa = PBXSourcesBuildPhase;
			buildActionMask = 2147483647;
			files = (
				C4BD88E52B9B3647001E7007 /* MainViewController.swift in Sources */,
				C4BD88E12B9B3647001E7007 /* AppDelegate.swift in Sources */,
				C4BD88FD2B9B3773001E7007 /* Endpoint.swift in Sources */,
				C4B707632B9D877100212911 /* ResponseError.swift in Sources */,
				C4B707582B9D841700212911 /* APIClient.swift in Sources */,
				C4BD89042B9B3AC8001E7007 /* KeychainWrapper.swift in Sources */,
				C4BD89062B9B3AE9001E7007 /* ReachabilityHelper.swift in Sources */,
				C4B7075B2B9D846000212911 /* URLSessionProvider.swift in Sources */,
				C4BD89002B9B3861001E7007 /* APIRequestBuilder.swift in Sources */,
				C4BD88E32B9B3647001E7007 /* SceneDelegate.swift in Sources */,
				C4B7075E2B9D86A900212911 /* NetworkError.swift in Sources */,
				C4B707602B9D86BD00212911 /* APIError.swift in Sources */,
				C4B707652B9D883500212911 /* ResponseParser.swift in Sources */,
			);
			runOnlyForDeploymentPostprocessing = 0;
		};
/* End PBXSourcesBuildPhase section */

/* Begin PBXVariantGroup section */
		C4BD88EB2B9B3649001E7007 /* LaunchScreen.storyboard */ = {
			isa = PBXVariantGroup;
			children = (
				C4BD88EC2B9B3649001E7007 /* Base */,
			);
			name = LaunchScreen.storyboard;
			sourceTree = "<group>";
		};
/* End PBXVariantGroup section */

/* Begin XCBuildConfiguration section */
		C4BD88EF2B9B3649001E7007 /* Debug */ = {
			isa = XCBuildConfiguration;
			buildSettings = {
				ALWAYS_SEARCH_USER_PATHS = NO;
				ASSETCATALOG_COMPILER_GENERATE_SWIFT_ASSET_SYMBOL_EXTENSIONS = YES;
				CLANG_ANALYZER_NONNULL = YES;
				CLANG_ANALYZER_NUMBER_OBJECT_CONVERSION = YES_AGGRESSIVE;
				CLANG_CXX_LANGUAGE_STANDARD = "gnu++20";
				CLANG_ENABLE_MODULES = YES;
				CLANG_ENABLE_OBJC_ARC = YES;
				CLANG_ENABLE_OBJC_WEAK = YES;
				CLANG_WARN_BLOCK_CAPTURE_AUTORELEASING = YES;
				CLANG_WARN_BOOL_CONVERSION = YES;
				CLANG_WARN_COMMA = YES;
				CLANG_WARN_CONSTANT_CONVERSION = YES;
				CLANG_WARN_DEPRECATED_OBJC_IMPLEMENTATIONS = YES;
				CLANG_WARN_DIRECT_OBJC_ISA_USAGE = YES_ERROR;
				CLANG_WARN_DOCUMENTATION_COMMENTS = YES;
				CLANG_WARN_EMPTY_BODY = YES;
				CLANG_WARN_ENUM_CONVERSION = YES;
				CLANG_WARN_INFINITE_RECURSION = YES;
				CLANG_WARN_INT_CONVERSION = YES;
				CLANG_WARN_NON_LITERAL_NULL_CONVERSION = YES;
				CLANG_WARN_OBJC_IMPLICIT_RETAIN_SELF = YES;
				CLANG_WARN_OBJC_LITERAL_CONVERSION = YES;
				CLANG_WARN_OBJC_ROOT_CLASS = YES_ERROR;
				CLANG_WARN_QUOTED_INCLUDE_IN_FRAMEWORK_HEADER = YES;
				CLANG_WARN_RANGE_LOOP_ANALYSIS = YES;
				CLANG_WARN_STRICT_PROTOTYPES = YES;
				CLANG_WARN_SUSPICIOUS_MOVE = YES;
				CLANG_WARN_UNGUARDED_AVAILABILITY = YES_AGGRESSIVE;
				CLANG_WARN_UNREACHABLE_CODE = YES;
				CLANG_WARN__DUPLICATE_METHOD_MATCH = YES;
				COPY_PHASE_STRIP = NO;
				DEBUG_INFORMATION_FORMAT = dwarf;
				ENABLE_STRICT_OBJC_MSGSEND = YES;
				ENABLE_TESTABILITY = YES;
				ENABLE_USER_SCRIPT_SANDBOXING = YES;
				GCC_C_LANGUAGE_STANDARD = gnu17;
				GCC_DYNAMIC_NO_PIC = NO;
				GCC_NO_COMMON_BLOCKS = YES;
				GCC_OPTIMIZATION_LEVEL = 0;
				GCC_PREPROCESSOR_DEFINITIONS = (
					"DEBUG=1",
					"$(inherited)",
				);
				GCC_WARN_64_TO_32_BIT_CONVERSION = YES;
				GCC_WARN_ABOUT_RETURN_TYPE = YES_ERROR;
				GCC_WARN_UNDECLARED_SELECTOR = YES;
				GCC_WARN_UNINITIALIZED_AUTOS = YES_AGGRESSIVE;
				GCC_WARN_UNUSED_FUNCTION = YES;
				GCC_WARN_UNUSED_VARIABLE = YES;
				IPHONEOS_DEPLOYMENT_TARGET = 17.0;
				LOCALIZATION_PREFERS_STRING_CATALOGS = YES;
				MTL_ENABLE_DEBUG_INFO = INCLUDE_SOURCE;
				MTL_FAST_MATH = YES;
				ONLY_ACTIVE_ARCH = YES;
				SDKROOT = iphoneos;
				SWIFT_ACTIVE_COMPILATION_CONDITIONS = "DEBUG $(inherited)";
				SWIFT_OPTIMIZATION_LEVEL = "-Onone";
			};
			name = Debug;
		};
		C4BD88F02B9B3649001E7007 /* Release */ = {
			isa = XCBuildConfiguration;
			buildSettings = {
				ALWAYS_SEARCH_USER_PATHS = NO;
				ASSETCATALOG_COMPILER_GENERATE_SWIFT_ASSET_SYMBOL_EXTENSIONS = YES;
				CLANG_ANALYZER_NONNULL = YES;
				CLANG_ANALYZER_NUMBER_OBJECT_CONVERSION = YES_AGGRESSIVE;
				CLANG_CXX_LANGUAGE_STANDARD = "gnu++20";
				CLANG_ENABLE_MODULES = YES;
				CLANG_ENABLE_OBJC_ARC = YES;
				CLANG_ENABLE_OBJC_WEAK = YES;
				CLANG_WARN_BLOCK_CAPTURE_AUTORELEASING = YES;
				CLANG_WARN_BOOL_CONVERSION = YES;
				CLANG_WARN_COMMA = YES;
				CLANG_WARN_CONSTANT_CONVERSION = YES;
				CLANG_WARN_DEPRECATED_OBJC_IMPLEMENTATIONS = YES;
				CLANG_WARN_DIRECT_OBJC_ISA_USAGE = YES_ERROR;
				CLANG_WARN_DOCUMENTATION_COMMENTS = YES;
				CLANG_WARN_EMPTY_BODY = YES;
				CLANG_WARN_ENUM_CONVERSION = YES;
				CLANG_WARN_INFINITE_RECURSION = YES;
				CLANG_WARN_INT_CONVERSION = YES;
				CLANG_WARN_NON_LITERAL_NULL_CONVERSION = YES;
				CLANG_WARN_OBJC_IMPLICIT_RETAIN_SELF = YES;
				CLANG_WARN_OBJC_LITERAL_CONVERSION = YES;
				CLANG_WARN_OBJC_ROOT_CLASS = YES_ERROR;
				CLANG_WARN_QUOTED_INCLUDE_IN_FRAMEWORK_HEADER = YES;
				CLANG_WARN_RANGE_LOOP_ANALYSIS = YES;
				CLANG_WARN_STRICT_PROTOTYPES = YES;
				CLANG_WARN_SUSPICIOUS_MOVE = YES;
				CLANG_WARN_UNGUARDED_AVAILABILITY = YES_AGGRESSIVE;
				CLANG_WARN_UNREACHABLE_CODE = YES;
				CLANG_WARN__DUPLICATE_METHOD_MATCH = YES;
				COPY_PHASE_STRIP = NO;
				DEBUG_INFORMATION_FORMAT = "dwarf-with-dsym";
				ENABLE_NS_ASSERTIONS = NO;
				ENABLE_STRICT_OBJC_MSGSEND = YES;
				ENABLE_USER_SCRIPT_SANDBOXING = YES;
				GCC_C_LANGUAGE_STANDARD = gnu17;
				GCC_NO_COMMON_BLOCKS = YES;
				GCC_WARN_64_TO_32_BIT_CONVERSION = YES;
				GCC_WARN_ABOUT_RETURN_TYPE = YES_ERROR;
				GCC_WARN_UNDECLARED_SELECTOR = YES;
				GCC_WARN_UNINITIALIZED_AUTOS = YES_AGGRESSIVE;
				GCC_WARN_UNUSED_FUNCTION = YES;
				GCC_WARN_UNUSED_VARIABLE = YES;
				IPHONEOS_DEPLOYMENT_TARGET = 17.0;
				LOCALIZATION_PREFERS_STRING_CATALOGS = YES;
				MTL_ENABLE_DEBUG_INFO = NO;
				MTL_FAST_MATH = YES;
				SDKROOT = iphoneos;
				SWIFT_COMPILATION_MODE = wholemodule;
				VALIDATE_PRODUCT = YES;
			};
			name = Release;
		};
		C4BD88F22B9B3649001E7007 /* Debug */ = {
			isa = XCBuildConfiguration;
			buildSettings = {
				ASSETCATALOG_COMPILER_APPICON_NAME = AppIcon;
				ASSETCATALOG_COMPILER_GLOBAL_ACCENT_COLOR_NAME = AccentColor;
				CODE_SIGN_STYLE = Automatic;
				CURRENT_PROJECT_VERSION = 1;
				DEVELOPMENT_TEAM = 5XZHHC4623;
				GENERATE_INFOPLIST_FILE = YES;
				INFOPLIST_FILE = DeutschlandApotheken/Info.plist;
				INFOPLIST_KEY_UIApplicationSupportsIndirectInputEvents = YES;
				INFOPLIST_KEY_UILaunchStoryboardName = LaunchScreen;
				INFOPLIST_KEY_UISupportedInterfaceOrientations = UIInterfaceOrientationPortrait;
				INFOPLIST_KEY_UISupportedInterfaceOrientations_iPad = "UIInterfaceOrientationLandscapeLeft UIInterfaceOrientationLandscapeRight UIInterfaceOrientationPortrait UIInterfaceOrientationPortraitUpsideDown";
				LD_RUNPATH_SEARCH_PATHS = (
					"$(inherited)",
					"@executable_path/Frameworks",
				);
				MARKETING_VERSION = 1.0;
				PRODUCT_BUNDLE_IDENTIFIER = com.hakkicansengonul.DeutschlandApotheken;
				PRODUCT_NAME = "$(TARGET_NAME)";
				SUPPORTED_PLATFORMS = "iphoneos iphonesimulator";
				SUPPORTS_MACCATALYST = NO;
				SUPPORTS_MAC_DESIGNED_FOR_IPHONE_IPAD = NO;
				SWIFT_EMIT_LOC_STRINGS = YES;
				SWIFT_VERSION = 5.0;
				TARGETED_DEVICE_FAMILY = 1;
			};
			name = Debug;
		};
		C4BD88F32B9B3649001E7007 /* Release */ = {
			isa = XCBuildConfiguration;
			buildSettings = {
				ASSETCATALOG_COMPILER_APPICON_NAME = AppIcon;
				ASSETCATALOG_COMPILER_GLOBAL_ACCENT_COLOR_NAME = AccentColor;
				CODE_SIGN_STYLE = Automatic;
				CURRENT_PROJECT_VERSION = 1;
				DEVELOPMENT_TEAM = 5XZHHC4623;
				GENERATE_INFOPLIST_FILE = YES;
				INFOPLIST_FILE = DeutschlandApotheken/Info.plist;
				INFOPLIST_KEY_UIApplicationSupportsIndirectInputEvents = YES;
				INFOPLIST_KEY_UILaunchStoryboardName = LaunchScreen;
				INFOPLIST_KEY_UISupportedInterfaceOrientations = UIInterfaceOrientationPortrait;
				INFOPLIST_KEY_UISupportedInterfaceOrientations_iPad = "UIInterfaceOrientationLandscapeLeft UIInterfaceOrientationLandscapeRight UIInterfaceOrientationPortrait UIInterfaceOrientationPortraitUpsideDown";
				LD_RUNPATH_SEARCH_PATHS = (
					"$(inherited)",
					"@executable_path/Frameworks",
				);
				MARKETING_VERSION = 1.0;
				PRODUCT_BUNDLE_IDENTIFIER = com.hakkicansengonul.DeutschlandApotheken;
				PRODUCT_NAME = "$(TARGET_NAME)";
				SUPPORTED_PLATFORMS = "iphoneos iphonesimulator";
				SUPPORTS_MACCATALYST = NO;
				SUPPORTS_MAC_DESIGNED_FOR_IPHONE_IPAD = NO;
				SWIFT_EMIT_LOC_STRINGS = YES;
				SWIFT_VERSION = 5.0;
				TARGETED_DEVICE_FAMILY = 1;
			};
			name = Release;
		};
/* End XCBuildConfiguration section */

/* Begin XCConfigurationList section */
		C4BD88D82B9B3647001E7007 /* Build configuration list for PBXProject "DeutschlandApotheken" */ = {
			isa = XCConfigurationList;
			buildConfigurations = (
				C4BD88EF2B9B3649001E7007 /* Debug */,
				C4BD88F02B9B3649001E7007 /* Release */,
			);
			defaultConfigurationIsVisible = 0;
			defaultConfigurationName = Release;
		};
		C4BD88F12B9B3649001E7007 /* Build configuration list for PBXNativeTarget "DeutschlandApotheken" */ = {
			isa = XCConfigurationList;
			buildConfigurations = (
				C4BD88F22B9B3649001E7007 /* Debug */,
				C4BD88F32B9B3649001E7007 /* Release */,
			);
			defaultConfigurationIsVisible = 0;
			defaultConfigurationName = Release;
		};
/* End XCConfigurationList section */
	};
	rootObject = C4BD88D52B9B3647001E7007 /* Project object */;
}
